
Microsoft Visual Studio Solution File, Format Version 12.00
# Visual Studio Version 17
VisualStudioVersion = 17.2.32602.215
MinimumVisualStudioVersion = 10.0.40219.1
Project("{9A19103F-16F7-4668-BE54-9A1E7A4F7556}") = "TFortisDeviceManager", "TFortisDeviceManager\TFortisDeviceManager.csproj", "{BB92A51C-4AC8-4C8F-86E7-1DD4DC67ED28}"
EndProject
Project("{9A19103F-16F7-4668-BE54-9A1E7A4F7556}") = "Tests", "Tests\Tests.csproj", "{9F313E57-725C-40DD-B7CF-851A6159193F}"
EndProject
Project("{9A19103F-16F7-4668-BE54-9A1E7A4F7556}") = "TFortisDeviceManagerSetup", "TFortisDeviceManagerSetup\TFortisDeviceManagerSetup.csproj", "{044AFFA9-BD01-44EA-9A3D-958E67EB3F1F}"
EndProject
Project("{9A19103F-16F7-4668-BE54-9A1E7A4F7556}") = "TFortisDeviceManagerUninstaller", "TFortisDeviceManagerUninstaller\TFortisDeviceManagerUninstaller.csproj", "{A1EB1662-2240-4F73-B5DE-064C06C7FF1D}"
EndProject
Global
	GlobalSection(SolutionConfigurationPlatforms) = preSolution
		Debug|Any CPU = Debug|Any CPU
		Release|Any CPU = Release|Any CPU
	EndGlobalSection
	GlobalSection(ProjectConfigurationPlatforms) = postSolution
		{BB92A51C-4AC8-4C8F-86E7-1DD4DC67ED28}.Debug|Any CPU.ActiveCfg = Debug|Any CPU
		{BB92A51C-4AC8-4C8F-86E7-1DD4DC67ED28}.Debug|Any CPU.Build.0 = Debug|Any CPU
		{BB92A51C-4AC8-4C8F-86E7-1DD4DC67ED28}.Release|Any CPU.ActiveCfg = Release|Any CPU
		{BB92A51C-4AC8-4C8F-86E7-1DD4DC67ED28}.Release|Any CPU.Build.0 = Release|Any CPU
		{9F313E57-725C-40DD-B7CF-851A6159193F}.Debug|Any CPU.ActiveCfg = Debug|Any CPU
		{9F313E57-725C-40DD-B7CF-851A6159193F}.Debug|Any CPU.Build.0 = Debug|Any CPU
		{9F313E57-725C-40DD-B7CF-851A6159193F}.Release|Any CPU.ActiveCfg = Release|Any CPU
		{9F313E57-725C-40DD-B7CF-851A6159193F}.Release|Any CPU.Build.0 = Release|Any CPU
		{044AFFA9-BD01-44EA-9A3D-958E67EB3F1F}.Debug|Any CPU.ActiveCfg = Debug|Any CPU
		{044AFFA9-BD01-44EA-9A3D-958E67EB3F1F}.Debug|Any CPU.Build.0 = Debug|Any CPU
		{044AFFA9-BD01-44EA-9A3D-958E67EB3F1F}.Release|Any CPU.ActiveCfg = Release|Any CPU
		{044AFFA9-BD01-44EA-9A3D-958E67EB3F1F}.Release|Any CPU.Build.0 = Release|Any CPU
		{A1EB1662-2240-4F73-B5DE-064C06C7FF1D}.Debug|Any CPU.ActiveCfg = Debug|Any CPU
		{A1EB1662-2240-4F73-B5DE-064C06C7FF1D}.Debug|Any CPU.Build.0 = Debug|Any CPU
		{A1EB1662-2240-4F73-B5DE-064C06C7FF1D}.Release|Any CPU.ActiveCfg = Release|Any CPU
		{A1EB1662-2240-4F73-B5DE-064C06C7FF1D}.Release|Any CPU.Build.0 = Release|Any CPU
	EndGlobalSection
	GlobalSection(SolutionProperties) = preSolution
		HideSolutionNode = FALSE
	EndGlobalSection
	GlobalSection(ExtensibilityGlobals) = postSolution
		SolutionGuid = {85650959-629E-4B9E-B983-F5561B08A472}
	EndGlobalSection
EndGlobal
